{
  "name": "@fullstacked/demo",
  "version": "0.0.0",
  "lockfileVersion": 3,
  "requires": true,
  "packages": {
    "": {
      "name": "@fullstacked/demo",
      "version": "0.0.0",
      "dependencies": {
        "@types/node": "^20.12.12",
        "@webcontainer/api": "^1.1.9",
        "@xterm/addon-fit": "^0.10.0",
        "@xterm/addon-web-links": "^0.11.0",
        "@xterm/xterm": "^5.5.0",
        "ansi-escape-sequences": "^6.2.2",
        "chalk": "^5.3.0",
        "cli-color": "^2.0.4",
        "esbuild": "^0.21.4",
        "mime-types": "^2.1.35",
        "sass": "^1.77.2",
        "winbox": "^0.2.82"
      }
    },
    "node_modules/@esbuild/aix-ppc64": {
      "version": "0.21.4",
      "resolved": "https://registry.npmjs.org/@esbuild/aix-ppc64/-/aix-ppc64-0.21.4.tgz",
      "integrity": "sha512-Zrm+B33R4LWPLjDEVnEqt2+SLTATlru1q/xYKVn8oVTbiRBGmK2VIMoIYGJDGyftnGaC788IuzGFAlb7IQ0Y8A==",
      "cpu": [
        "ppc64"
      ],
      "optional": true,
      "os": [
        "aix"
      ],
      "engines": {
        "node": ">=12"
      }
    },
    "node_modules/@esbuild/android-arm": {
      "version": "0.21.4",
      "resolved": "https://registry.npmjs.org/@esbuild/android-arm/-/android-arm-0.21.4.tgz",
      "integrity": "sha512-E7H/yTd8kGQfY4z9t3nRPk/hrhaCajfA3YSQSBrst8B+3uTcgsi8N+ZWYCaeIDsiVs6m65JPCaQN/DxBRclF3A==",
      "cpu": [
        "arm"
      ],
      "optional": true,
      "os": [
        "android"
      ],
      "engines": {
        "node": ">=12"
      }
    },
    "node_modules/@esbuild/android-arm64": {
      "version": "0.21.4",
      "resolved": "https://registry.npmjs.org/@esbuild/android-arm64/-/android-arm64-0.21.4.tgz",
      "integrity": "sha512-fYFnz+ObClJ3dNiITySBUx+oNalYUT18/AryMxfovLkYWbutXsct3Wz2ZWAcGGppp+RVVX5FiXeLYGi97umisA==",
      "cpu": [
        "arm64"
      ],
      "optional": true,
      "os": [
        "android"
      ],
      "engines": {
        "node": ">=12"
      }
    },
    "node_modules/@esbuild/android-x64": {
      "version": "0.21.4",
      "resolved": "https://registry.npmjs.org/@esbuild/android-x64/-/android-x64-0.21.4.tgz",
      "integrity": "sha512-mDqmlge3hFbEPbCWxp4fM6hqq7aZfLEHZAKGP9viq9wMUBVQx202aDIfc3l+d2cKhUJM741VrCXEzRFhPDKH3Q==",
      "cpu": [
        "x64"
      ],
      "optional": true,
      "os": [
        "android"
      ],
      "engines": {
        "node": ">=12"
      }
    },
    "node_modules/@esbuild/darwin-arm64": {
      "version": "0.21.4",
      "resolved": "https://registry.npmjs.org/@esbuild/darwin-arm64/-/darwin-arm64-0.21.4.tgz",
      "integrity": "sha512-72eaIrDZDSiWqpmCzVaBD58c8ea8cw/U0fq/PPOTqE3c53D0xVMRt2ooIABZ6/wj99Y+h4ksT/+I+srCDLU9TA==",
      "cpu": [
        "arm64"
      ],
      "optional": true,
      "os": [
        "darwin"
      ],
      "engines": {
        "node": ">=12"
      }
    },
    "node_modules/@esbuild/darwin-x64": {
      "version": "0.21.4",
      "resolved": "https://registry.npmjs.org/@esbuild/darwin-x64/-/darwin-x64-0.21.4.tgz",
      "integrity": "sha512-uBsuwRMehGmw1JC7Vecu/upOjTsMhgahmDkWhGLWxIgUn2x/Y4tIwUZngsmVb6XyPSTXJYS4YiASKPcm9Zitag==",
      "cpu": [
        "x64"
      ],
      "optional": true,
      "os": [
        "darwin"
      ],
      "engines": {
        "node": ">=12"
      }
    },
    "node_modules/@esbuild/freebsd-arm64": {
      "version": "0.21.4",
      "resolved": "https://registry.npmjs.org/@esbuild/freebsd-arm64/-/freebsd-arm64-0.21.4.tgz",
      "integrity": "sha512-8JfuSC6YMSAEIZIWNL3GtdUT5NhUA/CMUCpZdDRolUXNAXEE/Vbpe6qlGLpfThtY5NwXq8Hi4nJy4YfPh+TwAg==",
      "cpu": [
        "arm64"
      ],
      "optional": true,
      "os": [
        "freebsd"
      ],
      "engines": {
        "node": ">=12"
      }
    },
    "node_modules/@esbuild/freebsd-x64": {
      "version": "0.21.4",
      "resolved": "https://registry.npmjs.org/@esbuild/freebsd-x64/-/freebsd-x64-0.21.4.tgz",
      "integrity": "sha512-8d9y9eQhxv4ef7JmXny7591P/PYsDFc4+STaxC1GBv0tMyCdyWfXu2jBuqRsyhY8uL2HU8uPyscgE2KxCY9imQ==",
      "cpu": [
        "x64"
      ],
      "optional": true,
      "os": [
        "freebsd"
      ],
      "engines": {
        "node": ">=12"
      }
    },
    "node_modules/@esbuild/linux-arm": {
      "version": "0.21.4",
      "resolved": "https://registry.npmjs.org/@esbuild/linux-arm/-/linux-arm-0.21.4.tgz",
      "integrity": "sha512-2rqFFefpYmpMs+FWjkzSgXg5vViocqpq5a1PSRgT0AvSgxoXmGF17qfGAzKedg6wAwyM7UltrKVo9kxaJLMF/g==",
      "cpu": [
        "arm"
      ],
      "optional": true,
      "os": [
        "linux"
      ],
      "engines": {
        "node": ">=12"
      }
    },
    "node_modules/@esbuild/linux-arm64": {
      "version": "0.21.4",
      "resolved": "https://registry.npmjs.org/@esbuild/linux-arm64/-/linux-arm64-0.21.4.tgz",
      "integrity": "sha512-/GLD2orjNU50v9PcxNpYZi+y8dJ7e7/LhQukN3S4jNDXCKkyyiyAz9zDw3siZ7Eh1tRcnCHAo/WcqKMzmi4eMQ==",
      "cpu": [
        "arm64"
      ],
      "optional": true,
      "os": [
        "linux"
      ],
      "engines": {
        "node": ">=12"
      }
    },
    "node_modules/@esbuild/linux-ia32": {
      "version": "0.21.4",
      "resolved": "https://registry.npmjs.org/@esbuild/linux-ia32/-/linux-ia32-0.21.4.tgz",
      "integrity": "sha512-pNftBl7m/tFG3t2m/tSjuYeWIffzwAZT9m08+9DPLizxVOsUl8DdFzn9HvJrTQwe3wvJnwTdl92AonY36w/25g==",
      "cpu": [
        "ia32"
      ],
      "optional": true,
      "os": [
        "linux"
      ],
      "engines": {
        "node": ">=12"
      }
    },
    "node_modules/@esbuild/linux-loong64": {
      "version": "0.21.4",
      "resolved": "https://registry.npmjs.org/@esbuild/linux-loong64/-/linux-loong64-0.21.4.tgz",
      "integrity": "sha512-cSD2gzCK5LuVX+hszzXQzlWya6c7hilO71L9h4KHwqI4qeqZ57bAtkgcC2YioXjsbfAv4lPn3qe3b00Zt+jIfQ==",
      "cpu": [
        "loong64"
      ],
      "optional": true,
      "os": [
        "linux"
      ],
      "engines": {
        "node": ">=12"
      }
    },
    "node_modules/@esbuild/linux-mips64el": {
      "version": "0.21.4",
      "resolved": "https://registry.npmjs.org/@esbuild/linux-mips64el/-/linux-mips64el-0.21.4.tgz",
      "integrity": "sha512-qtzAd3BJh7UdbiXCrg6npWLYU0YpufsV9XlufKhMhYMJGJCdfX/G6+PNd0+v877X1JG5VmjBLUiFB0o8EUSicA==",
      "cpu": [
        "mips64el"
      ],
      "optional": true,
      "os": [
        "linux"
      ],
      "engines": {
        "node": ">=12"
      }
    },
    "node_modules/@esbuild/linux-ppc64": {
      "version": "0.21.4",
      "resolved": "https://registry.npmjs.org/@esbuild/linux-ppc64/-/linux-ppc64-0.21.4.tgz",
      "integrity": "sha512-yB8AYzOTaL0D5+2a4xEy7OVvbcypvDR05MsB/VVPVA7nL4hc5w5Dyd/ddnayStDgJE59fAgNEOdLhBxjfx5+dg==",
      "cpu": [
        "ppc64"
      ],
      "optional": true,
      "os": [
        "linux"
      ],
      "engines": {
        "node": ">=12"
      }
    },
    "node_modules/@esbuild/linux-riscv64": {
      "version": "0.21.4",
      "resolved": "https://registry.npmjs.org/@esbuild/linux-riscv64/-/linux-riscv64-0.21.4.tgz",
      "integrity": "sha512-Y5AgOuVzPjQdgU59ramLoqSSiXddu7F3F+LI5hYy/d1UHN7K5oLzYBDZe23QmQJ9PIVUXwOdKJ/jZahPdxzm9w==",
      "cpu": [
        "riscv64"
      ],
      "optional": true,
      "os": [
        "linux"
      ],
      "engines": {
        "node": ">=12"
      }
    },
    "node_modules/@esbuild/linux-s390x": {
      "version": "0.21.4",
      "resolved": "https://registry.npmjs.org/@esbuild/linux-s390x/-/linux-s390x-0.21.4.tgz",
      "integrity": "sha512-Iqc/l/FFwtt8FoTK9riYv9zQNms7B8u+vAI/rxKuN10HgQIXaPzKZc479lZ0x6+vKVQbu55GdpYpeNWzjOhgbA==",
      "cpu": [
        "s390x"
      ],
      "optional": true,
      "os": [
        "linux"
      ],
      "engines": {
        "node": ">=12"
      }
    },
    "node_modules/@esbuild/linux-x64": {
      "version": "0.21.4",
      "resolved": "https://registry.npmjs.org/@esbuild/linux-x64/-/linux-x64-0.21.4.tgz",
      "integrity": "sha512-Td9jv782UMAFsuLZINfUpoF5mZIbAj+jv1YVtE58rFtfvoKRiKSkRGQfHTgKamLVT/fO7203bHa3wU122V/Bdg==",
      "cpu": [
        "x64"
      ],
      "optional": true,
      "os": [
        "linux"
      ],
      "engines": {
        "node": ">=12"
      }
    },
    "node_modules/@esbuild/netbsd-x64": {
      "version": "0.21.4",
      "resolved": "https://registry.npmjs.org/@esbuild/netbsd-x64/-/netbsd-x64-0.21.4.tgz",
      "integrity": "sha512-Awn38oSXxsPMQxaV0Ipb7W/gxZtk5Tx3+W+rAPdZkyEhQ6968r9NvtkjhnhbEgWXYbgV+JEONJ6PcdBS+nlcpA==",
      "cpu": [
        "x64"
      ],
      "optional": true,
      "os": [
        "netbsd"
      ],
      "engines": {
        "node": ">=12"
      }
    },
    "node_modules/@esbuild/openbsd-x64": {
      "version": "0.21.4",
      "resolved": "https://registry.npmjs.org/@esbuild/openbsd-x64/-/openbsd-x64-0.21.4.tgz",
      "integrity": "sha512-IsUmQeCY0aU374R82fxIPu6vkOybWIMc3hVGZ3ChRwL9hA1TwY+tS0lgFWV5+F1+1ssuvvXt3HFqe8roCip8Hg==",
      "cpu": [
        "x64"
      ],
      "optional": true,
      "os": [
        "openbsd"
      ],
      "engines": {
        "node": ">=12"
      }
    },
    "node_modules/@esbuild/sunos-x64": {
      "version": "0.21.4",
      "resolved": "https://registry.npmjs.org/@esbuild/sunos-x64/-/sunos-x64-0.21.4.tgz",
      "integrity": "sha512-hsKhgZ4teLUaDA6FG/QIu2q0rI6I36tZVfM4DBZv3BG0mkMIdEnMbhc4xwLvLJSS22uWmaVkFkqWgIS0gPIm+A==",
      "cpu": [
        "x64"
      ],
      "optional": true,
      "os": [
        "sunos"
      ],
      "engines": {
        "node": ">=12"
      }
    },
    "node_modules/@esbuild/win32-arm64": {
      "version": "0.21.4",
      "resolved": "https://registry.npmjs.org/@esbuild/win32-arm64/-/win32-arm64-0.21.4.tgz",
      "integrity": "sha512-UUfMgMoXPoA/bvGUNfUBFLCh0gt9dxZYIx9W4rfJr7+hKe5jxxHmfOK8YSH4qsHLLN4Ck8JZ+v7Q5fIm1huErg==",
      "cpu": [
        "arm64"
      ],
      "optional": true,
      "os": [
        "win32"
      ],
      "engines": {
        "node": ">=12"
      }
    },
    "node_modules/@esbuild/win32-ia32": {
      "version": "0.21.4",
      "resolved": "https://registry.npmjs.org/@esbuild/win32-ia32/-/win32-ia32-0.21.4.tgz",
      "integrity": "sha512-yIxbspZb5kGCAHWm8dexALQ9en1IYDfErzjSEq1KzXFniHv019VT3mNtTK7t8qdy4TwT6QYHI9sEZabONHg+aw==",
      "cpu": [
        "ia32"
      ],
      "optional": true,
      "os": [
        "win32"
      ],
      "engines": {
        "node": ">=12"
      }
    },
    "node_modules/@esbuild/win32-x64": {
      "version": "0.21.4",
      "resolved": "https://registry.npmjs.org/@esbuild/win32-x64/-/win32-x64-0.21.4.tgz",
      "integrity": "sha512-sywLRD3UK/qRJt0oBwdpYLBibk7KiRfbswmWRDabuncQYSlf8aLEEUor/oP6KRz8KEG+HoiVLBhPRD5JWjS8Sg==",
      "cpu": [
        "x64"
      ],
      "optional": true,
      "os": [
        "win32"
      ],
      "engines": {
        "node": ">=12"
      }
    },
    "node_modules/@types/node": {
      "version": "20.12.12",
      "resolved": "https://registry.npmjs.org/@types/node/-/node-20.12.12.tgz",
      "integrity": "sha512-eWLDGF/FOSPtAvEqeRAQ4C8LSA7M1I7i0ky1I8U7kD1J5ITyW3AsRhQrKVoWf5pFKZ2kILsEGJhsI9r93PYnOw==",
      "dependencies": {
        "undici-types": "~5.26.4"
      }
    },
    "node_modules/@webcontainer/api": {
      "version": "1.1.9",
      "resolved": "https://registry.npmjs.org/@webcontainer/api/-/api-1.1.9.tgz",
      "integrity": "sha512-Sp6PV0K9D/3f8fSbCubqhfmBFH8XbngZCBOCF+aExyGqnz2etmw+KYvbQ/JxYvYX5KPaSxM+asFQwoP2RHl5cg=="
    },
    "node_modules/@xterm/addon-fit": {
      "version": "0.10.0",
      "resolved": "https://registry.npmjs.org/@xterm/addon-fit/-/addon-fit-0.10.0.tgz",
      "integrity": "sha512-UFYkDm4HUahf2lnEyHvio51TNGiLK66mqP2JoATy7hRZeXaGMRDr00JiSF7m63vR5WKATF605yEggJKsw0JpMQ==",
      "peerDependencies": {
        "@xterm/xterm": "^5.0.0"
      }
    },
    "node_modules/@xterm/addon-web-links": {
      "version": "0.11.0",
      "resolved": "https://registry.npmjs.org/@xterm/addon-web-links/-/addon-web-links-0.11.0.tgz",
      "integrity": "sha512-nIHQ38pQI+a5kXnRaTgwqSHnX7KE6+4SVoceompgHL26unAxdfP6IPqUTSYPQgSwM56hsElfoNrrW5V7BUED/Q==",
      "peerDependencies": {
        "@xterm/xterm": "^5.0.0"
      }
    },
    "node_modules/@xterm/xterm": {
      "version": "5.5.0",
      "resolved": "https://registry.npmjs.org/@xterm/xterm/-/xterm-5.5.0.tgz",
      "integrity": "sha512-hqJHYaQb5OptNunnyAnkHyM8aCjZ1MEIDTQu1iIbbTD/xops91NB5yq1ZK/dC2JDbVWtF23zUtl9JE2NqwT87A=="
    },
    "node_modules/ansi-escape-sequences": {
      "version": "6.2.2",
      "resolved": "https://registry.npmjs.org/ansi-escape-sequences/-/ansi-escape-sequences-6.2.2.tgz",
      "integrity": "sha512-mBPG9BZy4dMOJQ9BehU6ph8IKslvVppbqZ8APHnpfP+Hsx/hGow5PY46lSQL1vPPi1F5XTtO6p3GcH8O9c0cUg==",
      "dependencies": {
        "array-back": "^6.2.2"
      },
      "engines": {
        "node": ">=12.17"
      }
    },
    "node_modules/anymatch": {
      "version": "3.1.3",
      "resolved": "https://registry.npmjs.org/anymatch/-/anymatch-3.1.3.tgz",
      "integrity": "sha512-KMReFUr0B4t+D+OBkjR3KYqvocp2XaSzO55UcB6mgQMd3KbcE+mWTyvVV7D/zsdEbNnV6acZUutkiHQXvTr1Rw==",
      "dependencies": {
        "normalize-path": "^3.0.0",
        "picomatch": "^2.0.4"
      },
      "engines": {
        "node": ">= 8"
      }
    },
    "node_modules/array-back": {
      "version": "6.2.2",
      "resolved": "https://registry.npmjs.org/array-back/-/array-back-6.2.2.tgz",
      "integrity": "sha512-gUAZ7HPyb4SJczXAMUXMGAvI976JoK3qEx9v1FTmeYuJj0IBiaKttG1ydtGKdkfqWkIkouke7nG8ufGy77+Cvw==",
      "engines": {
        "node": ">=12.17"
      }
    },
    "node_modules/binary-extensions": {
      "version": "2.3.0",
      "resolved": "https://registry.npmjs.org/binary-extensions/-/binary-extensions-2.3.0.tgz",
      "integrity": "sha512-Ceh+7ox5qe7LJuLHoY0feh3pHuUDHAcRUeyL2VYghZwfpkNIy/+8Ocg0a3UuSoYzavmylwuLWQOf3hl0jjMMIw==",
      "engines": {
        "node": ">=8"
      },
      "funding": {
        "url": "https://github.com/sponsors/sindresorhus"
      }
    },
    "node_modules/braces": {
      "version": "3.0.3",
      "resolved": "https://registry.npmjs.org/braces/-/braces-3.0.3.tgz",
      "integrity": "sha512-yQbXgO/OSZVD2IsiLlro+7Hf6Q18EJrKSEsdoMzKePKXct3gvD8oLcOQdIzGupr5Fj+EDe8gO/lxc1BzfMpxvA==",
      "dependencies": {
        "fill-range": "^7.1.1"
      },
      "engines": {
        "node": ">=8"
      }
    },
    "node_modules/chalk": {
      "version": "5.3.0",
      "resolved": "https://registry.npmjs.org/chalk/-/chalk-5.3.0.tgz",
      "integrity": "sha512-dLitG79d+GV1Nb/VYcCDFivJeK1hiukt9QjRNVOsUtTy1rR1YJsmpGGTZ3qJos+uw7WmWF4wUwBd9jxjocFC2w==",
      "engines": {
        "node": "^12.17.0 || ^14.13 || >=16.0.0"
      },
      "funding": {
        "url": "https://github.com/chalk/chalk?sponsor=1"
      }
    },
    "node_modules/chokidar": {
      "version": "3.6.0",
      "resolved": "https://registry.npmjs.org/chokidar/-/chokidar-3.6.0.tgz",
      "integrity": "sha512-7VT13fmjotKpGipCW9JEQAusEPE+Ei8nl6/g4FBAmIm0GOOLMua9NDDo/DWp0ZAxCr3cPq5ZpBqmPAQgDda2Pw==",
      "dependencies": {
        "anymatch": "~3.1.2",
        "braces": "~3.0.2",
        "glob-parent": "~5.1.2",
        "is-binary-path": "~2.1.0",
        "is-glob": "~4.0.1",
        "normalize-path": "~3.0.0",
        "readdirp": "~3.6.0"
      },
      "engines": {
        "node": ">= 8.10.0"
      },
      "funding": {
        "url": "https://paulmillr.com/funding/"
      },
      "optionalDependencies": {
        "fsevents": "~2.3.2"
      }
    },
    "node_modules/cli-color": {
      "version": "2.0.4",
      "resolved": "https://registry.npmjs.org/cli-color/-/cli-color-2.0.4.tgz",
      "integrity": "sha512-zlnpg0jNcibNrO7GG9IeHH7maWFeCz+Ja1wx/7tZNU5ASSSSZ+/qZciM0/LHCYxSdqv5h2sdbQ/PXYdOuetXvA==",
      "dependencies": {
        "d": "^1.0.1",
        "es5-ext": "^0.10.64",
        "es6-iterator": "^2.0.3",
        "memoizee": "^0.4.15",
        "timers-ext": "^0.1.7"
      },
      "engines": {
        "node": ">=0.10"
      }
    },
    "node_modules/d": {
      "version": "1.0.2",
      "resolved": "https://registry.npmjs.org/d/-/d-1.0.2.tgz",
      "integrity": "sha512-MOqHvMWF9/9MX6nza0KgvFH4HpMU0EF5uUDXqX/BtxtU8NfB0QzRtJ8Oe/6SuS4kbhyzVJwjd97EA4PKrzJ8bw==",
      "dependencies": {
        "es5-ext": "^0.10.64",
        "type": "^2.7.2"
      },
      "engines": {
        "node": ">=0.12"
      }
    },
    "node_modules/es5-ext": {
      "version": "0.10.64",
      "resolved": "https://registry.npmjs.org/es5-ext/-/es5-ext-0.10.64.tgz",
      "integrity": "sha512-p2snDhiLaXe6dahss1LddxqEm+SkuDvV8dnIQG0MWjyHpcMNfXKPE+/Cc0y+PhxJX3A4xGNeFCj5oc0BUh6deg==",
      "hasInstallScript": true,
      "dependencies": {
        "es6-iterator": "^2.0.3",
        "es6-symbol": "^3.1.3",
        "esniff": "^2.0.1",
        "next-tick": "^1.1.0"
      },
      "engines": {
        "node": ">=0.10"
      }
    },
    "node_modules/es6-iterator": {
      "version": "2.0.3",
      "resolved": "https://registry.npmjs.org/es6-iterator/-/es6-iterator-2.0.3.tgz",
      "integrity": "sha512-zw4SRzoUkd+cl+ZoE15A9o1oQd920Bb0iOJMQkQhl3jNc03YqVjAhG7scf9C5KWRU/R13Orf588uCC6525o02g==",
      "dependencies": {
        "d": "1",
        "es5-ext": "^0.10.35",
        "es6-symbol": "^3.1.1"
      }
    },
    "node_modules/es6-symbol": {
      "version": "3.1.4",
      "resolved": "https://registry.npmjs.org/es6-symbol/-/es6-symbol-3.1.4.tgz",
      "integrity": "sha512-U9bFFjX8tFiATgtkJ1zg25+KviIXpgRvRHS8sau3GfhVzThRQrOeksPeT0BWW2MNZs1OEWJ1DPXOQMn0KKRkvg==",
      "dependencies": {
        "d": "^1.0.2",
        "ext": "^1.7.0"
      },
      "engines": {
        "node": ">=0.12"
      }
    },
    "node_modules/es6-weak-map": {
      "version": "2.0.3",
      "resolved": "https://registry.npmjs.org/es6-weak-map/-/es6-weak-map-2.0.3.tgz",
      "integrity": "sha512-p5um32HOTO1kP+w7PRnB+5lQ43Z6muuMuIMffvDN8ZB4GcnjLBV6zGStpbASIMk4DCAvEaamhe2zhyCb/QXXsA==",
      "dependencies": {
        "d": "1",
        "es5-ext": "^0.10.46",
        "es6-iterator": "^2.0.3",
        "es6-symbol": "^3.1.1"
      }
    },
    "node_modules/esbuild": {
      "version": "0.21.4",
      "resolved": "https://registry.npmjs.org/esbuild/-/esbuild-0.21.4.tgz",
      "integrity": "sha512-sFMcNNrj+Q0ZDolrp5pDhH0nRPN9hLIM3fRPwgbLYJeSHHgnXSnbV3xYgSVuOeLWH9c73VwmEverVzupIv5xuA==",
      "hasInstallScript": true,
      "bin": {
        "esbuild": "bin/esbuild"
      },
      "engines": {
        "node": ">=12"
      },
      "optionalDependencies": {
        "@esbuild/aix-ppc64": "0.21.4",
        "@esbuild/android-arm": "0.21.4",
        "@esbuild/android-arm64": "0.21.4",
        "@esbuild/android-x64": "0.21.4",
        "@esbuild/darwin-arm64": "0.21.4",
        "@esbuild/darwin-x64": "0.21.4",
        "@esbuild/freebsd-arm64": "0.21.4",
        "@esbuild/freebsd-x64": "0.21.4",
        "@esbuild/linux-arm": "0.21.4",
        "@esbuild/linux-arm64": "0.21.4",
        "@esbuild/linux-ia32": "0.21.4",
        "@esbuild/linux-loong64": "0.21.4",
        "@esbuild/linux-mips64el": "0.21.4",
        "@esbuild/linux-ppc64": "0.21.4",
        "@esbuild/linux-riscv64": "0.21.4",
        "@esbuild/linux-s390x": "0.21.4",
        "@esbuild/linux-x64": "0.21.4",
        "@esbuild/netbsd-x64": "0.21.4",
        "@esbuild/openbsd-x64": "0.21.4",
        "@esbuild/sunos-x64": "0.21.4",
        "@esbuild/win32-arm64": "0.21.4",
        "@esbuild/win32-ia32": "0.21.4",
        "@esbuild/win32-x64": "0.21.4"
      }
    },
    "node_modules/esniff": {
      "version": "2.0.1",
      "resolved": "https://registry.npmjs.org/esniff/-/esniff-2.0.1.tgz",
      "integrity": "sha512-kTUIGKQ/mDPFoJ0oVfcmyJn4iBDRptjNVIzwIFR7tqWXdVI9xfA2RMwY/gbSpJG3lkdWNEjLap/NqVHZiJsdfg==",
      "dependencies": {
        "d": "^1.0.1",
        "es5-ext": "^0.10.62",
        "event-emitter": "^0.3.5",
        "type": "^2.7.2"
      },
      "engines": {
        "node": ">=0.10"
      }
    },
    "node_modules/event-emitter": {
      "version": "0.3.5",
      "resolved": "https://registry.npmjs.org/event-emitter/-/event-emitter-0.3.5.tgz",
      "integrity": "sha512-D9rRn9y7kLPnJ+hMq7S/nhvoKwwvVJahBi2BPmx3bvbsEdK3W9ii8cBSGjP+72/LnM4n6fo3+dkCX5FeTQruXA==",
      "dependencies": {
        "d": "1",
        "es5-ext": "~0.10.14"
      }
    },
    "node_modules/ext": {
      "version": "1.7.0",
      "resolved": "https://registry.npmjs.org/ext/-/ext-1.7.0.tgz",
      "integrity": "sha512-6hxeJYaL110a9b5TEJSj0gojyHQAmA2ch5Os+ySCiA1QGdS697XWY1pzsrSjqA9LDEEgdB/KypIlR59RcLuHYw==",
      "dependencies": {
        "type": "^2.7.2"
      }
    },
    "node_modules/fill-range": {
      "version": "7.1.1",
      "resolved": "https://registry.npmjs.org/fill-range/-/fill-range-7.1.1.tgz",
      "integrity": "sha512-YsGpe3WHLK8ZYi4tWDg2Jy3ebRz2rXowDxnld4bkQB00cc/1Zw9AWnC0i9ztDJitivtQvaI9KaLyKrc+hBW0yg==",
      "dependencies": {
        "to-regex-range": "^5.0.1"
      },
      "engines": {
        "node": ">=8"
      }
    },
    "node_modules/fsevents": {
      "version": "2.3.3",
      "resolved": "https://registry.npmjs.org/fsevents/-/fsevents-2.3.3.tgz",
      "integrity": "sha512-5xoDfX+fL7faATnagmWPpbFtwh/R77WmMMqqHGS65C3vvB0YHrgF+B1YmZ3441tMj5n63k0212XNoJwzlhffQw==",
      "hasInstallScript": true,
      "optional": true,
      "os": [
        "darwin"
      ],
      "engines": {
        "node": "^8.16.0 || ^10.6.0 || >=11.0.0"
      }
    },
    "node_modules/glob-parent": {
      "version": "5.1.2",
      "resolved": "https://registry.npmjs.org/glob-parent/-/glob-parent-5.1.2.tgz",
      "integrity": "sha512-AOIgSQCepiJYwP3ARnGx+5VnTu2HBYdzbGP45eLw1vr3zB3vZLeyed1sC9hnbcOc9/SrMyM5RPQrkGz4aS9Zow==",
      "dependencies": {
        "is-glob": "^4.0.1"
      },
      "engines": {
        "node": ">= 6"
      }
    },
    "node_modules/immutable": {
      "version": "4.3.6",
      "resolved": "https://registry.npmjs.org/immutable/-/immutable-4.3.6.tgz",
      "integrity": "sha512-Ju0+lEMyzMVZarkTn/gqRpdqd5dOPaz1mCZ0SH3JV6iFw81PldE/PEB1hWVEA288HPt4WXW8O7AWxB10M+03QQ=="
    },
    "node_modules/is-binary-path": {
      "version": "2.1.0",
      "resolved": "https://registry.npmjs.org/is-binary-path/-/is-binary-path-2.1.0.tgz",
      "integrity": "sha512-ZMERYes6pDydyuGidse7OsHxtbI7WVeUEozgR/g7rd0xUimYNlvZRE/K2MgZTjWy725IfelLeVcEM97mmtRGXw==",
      "dependencies": {
        "binary-extensions": "^2.0.0"
      },
      "engines": {
        "node": ">=8"
      }
    },
    "node_modules/is-extglob": {
      "version": "2.1.1",
      "resolved": "https://registry.npmjs.org/is-extglob/-/is-extglob-2.1.1.tgz",
      "integrity": "sha512-SbKbANkN603Vi4jEZv49LeVJMn4yGwsbzZworEoyEiutsN3nJYdbO36zfhGJ6QEDpOZIFkDtnq5JRxmvl3jsoQ==",
      "engines": {
        "node": ">=0.10.0"
      }
    },
    "node_modules/is-glob": {
      "version": "4.0.3",
      "resolved": "https://registry.npmjs.org/is-glob/-/is-glob-4.0.3.tgz",
      "integrity": "sha512-xelSayHH36ZgE7ZWhli7pW34hNbNl8Ojv5KVmkJD4hBdD3th8Tfk9vYasLM+mXWOZhFkgZfxhLSnrwRr4elSSg==",
      "dependencies": {
        "is-extglob": "^2.1.1"
      },
      "engines": {
        "node": ">=0.10.0"
      }
    },
    "node_modules/is-number": {
      "version": "7.0.0",
      "resolved": "https://registry.npmjs.org/is-number/-/is-number-7.0.0.tgz",
      "integrity": "sha512-41Cifkg6e8TylSpdtTpeLVMqvSBEVzTttHvERD741+pnZ8ANv0004MRL43QKPDlK9cGvNp6NZWZUBlbGXYxxng==",
      "engines": {
        "node": ">=0.12.0"
      }
    },
    "node_modules/is-promise": {
      "version": "2.2.2",
      "resolved": "https://registry.npmjs.org/is-promise/-/is-promise-2.2.2.tgz",
      "integrity": "sha512-+lP4/6lKUBfQjZ2pdxThZvLUAafmZb8OAxFb8XXtiQmS35INgr85hdOGoEs124ez1FCnZJt6jau/T+alh58QFQ=="
    },
    "node_modules/lru-queue": {
      "version": "0.1.0",
      "resolved": "https://registry.npmjs.org/lru-queue/-/lru-queue-0.1.0.tgz",
      "integrity": "sha512-BpdYkt9EvGl8OfWHDQPISVpcl5xZthb+XPsbELj5AQXxIC8IriDZIQYjBJPEm5rS420sjZ0TLEzRcq5KdBhYrQ==",
      "dependencies": {
        "es5-ext": "~0.10.2"
      }
    },
    "node_modules/memoizee": {
      "version": "0.4.17",
      "resolved": "https://registry.npmjs.org/memoizee/-/memoizee-0.4.17.tgz",
      "integrity": "sha512-DGqD7Hjpi/1or4F/aYAspXKNm5Yili0QDAFAY4QYvpqpgiY6+1jOfqpmByzjxbWd/T9mChbCArXAbDAsTm5oXA==",
      "dependencies": {
        "d": "^1.0.2",
        "es5-ext": "^0.10.64",
        "es6-weak-map": "^2.0.3",
        "event-emitter": "^0.3.5",
        "is-promise": "^2.2.2",
        "lru-queue": "^0.1.0",
        "next-tick": "^1.1.0",
        "timers-ext": "^0.1.7"
      },
      "engines": {
        "node": ">=0.12"
      }
    },
    "node_modules/mime-db": {
      "version": "1.52.0",
      "resolved": "https://registry.npmjs.org/mime-db/-/mime-db-1.52.0.tgz",
      "integrity": "sha512-sPU4uV7dYlvtWJxwwxHD0PuihVNiE7TyAbQ5SWxDCB9mUYvOgroQOwYQQOKPJ8CIbE+1ETVlOoK1UC2nU3gYvg==",
      "engines": {
        "node": ">= 0.6"
      }
    },
    "node_modules/mime-types": {
      "version": "2.1.35",
      "resolved": "https://registry.npmjs.org/mime-types/-/mime-types-2.1.35.tgz",
      "integrity": "sha512-ZDY+bPm5zTTF+YpCrAU9nK0UgICYPT0QtT1NZWFv4s++TNkcgVaT0g6+4R2uI4MjQjzysHB1zxuWL50hzaeXiw==",
      "dependencies": {
        "mime-db": "1.52.0"
      },
      "engines": {
        "node": ">= 0.6"
      }
    },
    "node_modules/next-tick": {
      "version": "1.1.0",
      "resolved": "https://registry.npmjs.org/next-tick/-/next-tick-1.1.0.tgz",
      "integrity": "sha512-CXdUiJembsNjuToQvxayPZF9Vqht7hewsvy2sOWafLvi2awflj9mOC6bHIg50orX8IJvWKY9wYQ/zB2kogPslQ=="
    },
    "node_modules/normalize-path": {
      "version": "3.0.0",
      "resolved": "https://registry.npmjs.org/normalize-path/-/normalize-path-3.0.0.tgz",
      "integrity": "sha512-6eZs5Ls3WtCisHWp9S2GUy8dqkpGi4BVSz3GaqiE6ezub0512ESztXUwUB6C6IKbQkY2Pnb/mD4WYojCRwcwLA==",
      "engines": {
        "node": ">=0.10.0"
      }
    },
    "node_modules/picomatch": {
      "version": "2.3.1",
      "resolved": "https://registry.npmjs.org/picomatch/-/picomatch-2.3.1.tgz",
      "integrity": "sha512-JU3teHTNjmE2VCGFzuY8EXzCDVwEqB2a8fsIvwaStHhAWJEeVd1o1QD80CU6+ZdEXXSLbSsuLwJjkCBWqRQUVA==",
      "engines": {
        "node": ">=8.6"
      },
      "funding": {
        "url": "https://github.com/sponsors/jonschlinkert"
      }
    },
    "node_modules/readdirp": {
      "version": "3.6.0",
      "resolved": "https://registry.npmjs.org/readdirp/-/readdirp-3.6.0.tgz",
      "integrity": "sha512-hOS089on8RduqdbhvQ5Z37A0ESjsqz6qnRcffsMU3495FuTdqSm+7bhJ29JvIOsBDEEnan5DPu9t3To9VRlMzA==",
      "dependencies": {
        "picomatch": "^2.2.1"
      },
      "engines": {
        "node": ">=8.10.0"
      }
    },
    "node_modules/sass": {
      "version": "1.77.2",
      "resolved": "https://registry.npmjs.org/sass/-/sass-1.77.2.tgz",
      "integrity": "sha512-eb4GZt1C3avsX3heBNlrc7I09nyT00IUuo4eFhAbeXWU2fvA7oXI53SxODVAA+zgZCk9aunAZgO+losjR3fAwA==",
      "dependencies": {
        "chokidar": ">=3.0.0 <4.0.0",
        "immutable": "^4.0.0",
        "source-map-js": ">=0.6.2 <2.0.0"
      },
      "bin": {
        "sass": "sass.js"
      },
      "engines": {
        "node": ">=14.0.0"
      }
    },
    "node_modules/source-map-js": {
      "version": "1.2.0",
      "resolved": "https://registry.npmjs.org/source-map-js/-/source-map-js-1.2.0.tgz",
      "integrity": "sha512-itJW8lvSA0TXEphiRoawsCksnlf8SyvmFzIhltqAHluXd88pkCd+cXJVHTDwdCr0IzwptSm035IHQktUu1QUMg==",
      "engines": {
        "node": ">=0.10.0"
      }
    },
    "node_modules/timers-ext": {
      "version": "0.1.7",
      "resolved": "https://registry.npmjs.org/timers-ext/-/timers-ext-0.1.7.tgz",
      "integrity": "sha512-b85NUNzTSdodShTIbky6ZF02e8STtVVfD+fu4aXXShEELpozH+bCpJLYMPZbsABN2wDH7fJpqIoXxJpzbf0NqQ==",
      "dependencies": {
        "es5-ext": "~0.10.46",
        "next-tick": "1"
      }
    },
    "node_modules/to-regex-range": {
      "version": "5.0.1",
      "resolved": "https://registry.npmjs.org/to-regex-range/-/to-regex-range-5.0.1.tgz",
      "integrity": "sha512-65P7iz6X5yEr1cwcgvQxbbIw7Uk3gOy5dIdtZ4rDveLqhrdJP+Li/Hx6tyK0NEb+2GCyneCMJiGqrADCSNk8sQ==",
      "dependencies": {
        "is-number": "^7.0.0"
      },
      "engines": {
        "node": ">=8.0"
      }
    },
    "node_modules/type": {
      "version": "2.7.2",
      "resolved": "https://registry.npmjs.org/type/-/type-2.7.2.tgz",
      "integrity": "sha512-dzlvlNlt6AXU7EBSfpAscydQ7gXB+pPGsPnfJnZpiNJBDj7IaJzQlBZYGdEi4R9HmPdBv2XmWJ6YUtoTa7lmCw=="
    },
    "node_modules/undici-types": {
      "version": "5.26.5",
      "resolved": "https://registry.npmjs.org/undici-types/-/undici-types-5.26.5.tgz",
      "integrity": "sha512-JlCMO+ehdEIKqlFxk6IfVoAUVmgz7cU7zD/h9XZ0qzeosSHmUJVOzSQvvYSYWXkFXC+IfLKSIffhv0sVZup6pA=="
    },
    "node_modules/winbox": {
      "version": "0.2.82",
      "resolved": "https://registry.npmjs.org/winbox/-/winbox-0.2.82.tgz",
      "integrity": "sha512-fMHaLnnuhyw1mLvzmCTWMpRKDfXUK/Z08VdbyBqDaITFFAd3Fx2BGDCF6rzGSkWrQgo8fHTFpFICofyM36FTnA=="
    }
  }
}
